// !$*UTF8*$!
{
	archiveVersion = 1;
	classes = {
	};
	objectVersion = 46;
	objects = {

/* Begin PBXBuildFile section */
		155087D31BEE7E6100B3F9E6 /* AppDelegate.swift in Sources */ = {isa = PBXBuildFile; fileRef = 155087D21BEE7E6100B3F9E6 /* AppDelegate.swift */; };
		155087D51BEE7E6100B3F9E6 /* ViewController.swift in Sources */ = {isa = PBXBuildFile; fileRef = 155087D41BEE7E6100B3F9E6 /* ViewController.swift */; };
		155087D81BEE7E6100B3F9E6 /* Main.storyboard in Resources */ = {isa = PBXBuildFile; fileRef = 155087D61BEE7E6100B3F9E6 /* Main.storyboard */; };
		155087DB1BEE7E6100B3F9E6 /* Taxas.xcdatamodeld in Sources */ = {isa = PBXBuildFile; fileRef = 155087D91BEE7E6100B3F9E6 /* Taxas.xcdatamodeld */; };
		155087DD1BEE7E6100B3F9E6 /* Assets.xcassets in Resources */ = {isa = PBXBuildFile; fileRef = 155087DC1BEE7E6100B3F9E6 /* Assets.xcassets */; };
		155087E01BEE7E6100B3F9E6 /* LaunchScreen.storyboard in Resources */ = {isa = PBXBuildFile; fileRef = 155087DE1BEE7E6100B3F9E6 /* LaunchScreen.storyboard */; };
		155087E81BEE8EBC00B3F9E6 /* CadastroViewController.swift in Sources */ = {isa = PBXBuildFile; fileRef = 155087E71BEE8EBC00B3F9E6 /* CadastroViewController.swift */; };
		155087EB1BEE8EED00B3F9E6 /* DetalhesViewController.swift in Sources */ = {isa = PBXBuildFile; fileRef = 155087EA1BEE8EED00B3F9E6 /* DetalhesViewController.swift */; };
		155087EE1BEE8F6800B3F9E6 /* Extensoes.swift in Sources */ = {isa = PBXBuildFile; fileRef = 155087ED1BEE8F6800B3F9E6 /* Extensoes.swift */; };
		155087F01BEE8F8300B3F9E6 /* BancoHelper.swift in Sources */ = {isa = PBXBuildFile; fileRef = 155087EF1BEE8F8300B3F9E6 /* BancoHelper.swift */; };
		155087F31BEE95A100B3F9E6 /* AgendamentoTO.swift in Sources */ = {isa = PBXBuildFile; fileRef = 155087F21BEE95A100B3F9E6 /* AgendamentoTO.swift */; };
		155087F61BEE98DF00B3F9E6 /* AgendamentoManager.swift in Sources */ = {isa = PBXBuildFile; fileRef = 155087F51BEE98DF00B3F9E6 /* AgendamentoManager.swift */; };
		155087FA1BEEDAB700B3F9E6 /* VMaskTextField.m in Sources */ = {isa = PBXBuildFile; fileRef = 155087F91BEEDAB600B3F9E6 /* VMaskTextField.m */; };
		155088001BEEFC8300B3F9E6 /* FHSStream.m in Sources */ = {isa = PBXBuildFile; fileRef = 155087FD1BEEFC8300B3F9E6 /* FHSStream.m */; };
		155088011BEEFC8300B3F9E6 /* FHSTwitterEngine.m in Sources */ = {isa = PBXBuildFile; fileRef = 155087FF1BEEFC8300B3F9E6 /* FHSTwitterEngine.m */; };
		155088041BEEFD5400B3F9E6 /* TwitterHelper.swift in Sources */ = {isa = PBXBuildFile; fileRef = 155088031BEEFD5400B3F9E6 /* TwitterHelper.swift */; };
/* End PBXBuildFile section */

/* Begin PBXFileReference section */
		155087CF1BEE7E6100B3F9E6 /* Taxas.app */ = {isa = PBXFileReference; explicitFileType = wrapper.application; includeInIndex = 0; path = Taxas.app; sourceTree = BUILT_PRODUCTS_DIR; };
		155087D21BEE7E6100B3F9E6 /* AppDelegate.swift */ = {isa = PBXFileReference; lastKnownFileType = sourcecode.swift; path = AppDelegate.swift; sourceTree = "<group>"; };
		155087D41BEE7E6100B3F9E6 /* ViewController.swift */ = {isa = PBXFileReference; lastKnownFileType = sourcecode.swift; path = ViewController.swift; sourceTree = "<group>"; };
		155087D71BEE7E6100B3F9E6 /* Base */ = {isa = PBXFileReference; lastKnownFileType = file.storyboard; name = Base; path = Base.lproj/Main.storyboard; sourceTree = "<group>"; };
		155087DA1BEE7E6100B3F9E6 /* Taxas.xcdatamodel */ = {isa = PBXFileReference; lastKnownFileType = wrapper.xcdatamodel; path = Taxas.xcdatamodel; sourceTree = "<group>"; };
		155087DC1BEE7E6100B3F9E6 /* Assets.xcassets */ = {isa = PBXFileReference; lastKnownFileType = folder.assetcatalog; path = Assets.xcassets; sourceTree = "<group>"; };
		155087DF1BEE7E6100B3F9E6 /* Base */ = {isa = PBXFileReference; lastKnownFileType = file.storyboard; name = Base; path = Base.lproj/LaunchScreen.storyboard; sourceTree = "<group>"; };
		155087E11BEE7E6100B3F9E6 /* Info.plist */ = {isa = PBXFileReference; lastKnownFileType = text.plist.xml; path = Info.plist; sourceTree = "<group>"; };
		155087E71BEE8EBC00B3F9E6 /* CadastroViewController.swift */ = {isa = PBXFileReference; fileEncoding = 4; lastKnownFileType = sourcecode.swift; path = CadastroViewController.swift; sourceTree = "<group>"; };
		155087EA1BEE8EED00B3F9E6 /* DetalhesViewController.swift */ = {isa = PBXFileReference; fileEncoding = 4; lastKnownFileType = sourcecode.swift; path = DetalhesViewController.swift; sourceTree = "<group>"; };
		155087ED1BEE8F6800B3F9E6 /* Extensoes.swift */ = {isa = PBXFileReference; fileEncoding = 4; lastKnownFileType = sourcecode.swift; path = Extensoes.swift; sourceTree = "<group>"; };
		155087EF1BEE8F8300B3F9E6 /* BancoHelper.swift */ = {isa = PBXFileReference; fileEncoding = 4; lastKnownFileType = sourcecode.swift; path = BancoHelper.swift; sourceTree = "<group>"; };
		155087F21BEE95A100B3F9E6 /* AgendamentoTO.swift */ = {isa = PBXFileReference; fileEncoding = 4; lastKnownFileType = sourcecode.swift; path = AgendamentoTO.swift; sourceTree = "<group>"; };
		155087F51BEE98DF00B3F9E6 /* AgendamentoManager.swift */ = {isa = PBXFileReference; fileEncoding = 4; lastKnownFileType = sourcecode.swift; path = AgendamentoManager.swift; sourceTree = "<group>"; };
		155087F71BEEDAB600B3F9E6 /* Taxas-Bridging-Header.h */ = {isa = PBXFileReference; lastKnownFileType = sourcecode.c.h; path = "Taxas-Bridging-Header.h"; sourceTree = "<group>"; };
		155087F81BEEDAB600B3F9E6 /* VMaskTextField.h */ = {isa = PBXFileReference; fileEncoding = 4; lastKnownFileType = sourcecode.c.h; path = VMaskTextField.h; sourceTree = "<group>"; };
		155087F91BEEDAB600B3F9E6 /* VMaskTextField.m */ = {isa = PBXFileReference; fileEncoding = 4; lastKnownFileType = sourcecode.c.objc; path = VMaskTextField.m; sourceTree = "<group>"; };
		155087FC1BEEFC8300B3F9E6 /* FHSStream.h */ = {isa = PBXFileReference; fileEncoding = 4; lastKnownFileType = sourcecode.c.h; path = FHSStream.h; sourceTree = "<group>"; };
		155087FD1BEEFC8300B3F9E6 /* FHSStream.m */ = {isa = PBXFileReference; fileEncoding = 4; lastKnownFileType = sourcecode.c.objc; path = FHSStream.m; sourceTree = "<group>"; };
		155087FE1BEEFC8300B3F9E6 /* FHSTwitterEngine.h */ = {isa = PBXFileReference; fileEncoding = 4; lastKnownFileType = sourcecode.c.h; path = FHSTwitterEngine.h; sourceTree = "<group>"; };
		155087FF1BEEFC8300B3F9E6 /* FHSTwitterEngine.m */ = {isa = PBXFileReference; fileEncoding = 4; lastKnownFileType = sourcecode.c.objc; path = FHSTwitterEngine.m; sourceTree = "<group>"; };
		155088031BEEFD5400B3F9E6 /* TwitterHelper.swift */ = {isa = PBXFileReference; fileEncoding = 4; lastKnownFileType = sourcecode.swift; path = TwitterHelper.swift; sourceTree = "<group>"; };
/* End PBXFileReference section */

/* Begin PBXFrameworksBuildPhase section */
		155087CC1BEE7E6100B3F9E6 /* Frameworks */ = {
			isa = PBXFrameworksBuildPhase;
			buildActionMask = 2147483647;
			files = (
			);
			runOnlyForDeploymentPostprocessing = 0;
		};
/* End PBXFrameworksBuildPhase section */

/* Begin PBXGroup section */
		155087C61BEE7E6100B3F9E6 = {
			isa = PBXGroup;
			children = (
				155087D11BEE7E6100B3F9E6 /* Taxas */,
				155087D01BEE7E6100B3F9E6 /* Products */,
			);
			sourceTree = "<group>";
		};
		155087D01BEE7E6100B3F9E6 /* Products */ = {
			isa = PBXGroup;
			children = (
				155087CF1BEE7E6100B3F9E6 /* Taxas.app */,
			);
			name = Products;
			sourceTree = "<group>";
		};
		155087D11BEE7E6100B3F9E6 /* Taxas */ = {
			isa = PBXGroup;
			children = (
				155088021BEEFC8600B3F9E6 /* Externos */,
				155087D21BEE7E6100B3F9E6 /* AppDelegate.swift */,
				155087D61BEE7E6100B3F9E6 /* Main.storyboard */,
				155087DC1BEE7E6100B3F9E6 /* Assets.xcassets */,
				155087DE1BEE7E6100B3F9E6 /* LaunchScreen.storyboard */,
				155087E11BEE7E6100B3F9E6 /* Info.plist */,
				155087D91BEE7E6100B3F9E6 /* Taxas.xcdatamodeld */,
				155087F41BEE98C400B3F9E6 /* Negocios */,
				155087F11BEE958C00B3F9E6 /* Tipos */,
				155087EC1BEE8EF200B3F9E6 /* Helpers */,
				155087E91BEE8EC100B3F9E6 /* Telas */,
			);
			path = Taxas;
			sourceTree = "<group>";
		};
		155087E91BEE8EC100B3F9E6 /* Telas */ = {
			isa = PBXGroup;
			children = (
				155087D41BEE7E6100B3F9E6 /* ViewController.swift */,
				155087E71BEE8EBC00B3F9E6 /* CadastroViewController.swift */,
				155087EA1BEE8EED00B3F9E6 /* DetalhesViewController.swift */,
			);
			name = Telas;
			sourceTree = "<group>";
		};
		155087EC1BEE8EF200B3F9E6 /* Helpers */ = {
			isa = PBXGroup;
			children = (
				155087ED1BEE8F6800B3F9E6 /* Extensoes.swift */,
				155087EF1BEE8F8300B3F9E6 /* BancoHelper.swift */,
				155087F71BEEDAB600B3F9E6 /* Taxas-Bridging-Header.h */,
				155088031BEEFD5400B3F9E6 /* TwitterHelper.swift */,
			);
			name = Helpers;
			sourceTree = "<group>";
		};
		155087F11BEE958C00B3F9E6 /* Tipos */ = {
			isa = PBXGroup;
			children = (
				155087F21BEE95A100B3F9E6 /* AgendamentoTO.swift */,
			);
			name = Tipos;
			sourceTree = "<group>";
		};
		155087F41BEE98C400B3F9E6 /* Negocios */ = {
			isa = PBXGroup;
			children = (
				155087F51BEE98DF00B3F9E6 /* AgendamentoManager.swift */,
			);
			name = Negocios;
			sourceTree = "<group>";
		};
		155087FB1BEEFC8300B3F9E6 /* FHSTwitterEngine */ = {
			isa = PBXGroup;
			children = (
				155087FC1BEEFC8300B3F9E6 /* FHSStream.h */,
				155087FD1BEEFC8300B3F9E6 /* FHSStream.m */,
				155087FE1BEEFC8300B3F9E6 /* FHSTwitterEngine.h */,
				155087FF1BEEFC8300B3F9E6 /* FHSTwitterEngine.m */,
			);
			path = FHSTwitterEngine;
			sourceTree = "<group>";
		};
		155088021BEEFC8600B3F9E6 /* Externos */ = {
			isa = PBXGroup;
			children = (
				155087F81BEEDAB600B3F9E6 /* VMaskTextField.h */,
				155087F91BEEDAB600B3F9E6 /* VMaskTextField.m */,
				155087FB1BEEFC8300B3F9E6 /* FHSTwitterEngine */,
			);
			name = Externos;
			sourceTree = "<group>";
		};
/* End PBXGroup section */

/* Begin PBXNativeTarget section */
		155087CE1BEE7E6100B3F9E6 /* Taxas */ = {
			isa = PBXNativeTarget;
			buildConfigurationList = 155087E41BEE7E6100B3F9E6 /* Build configuration list for PBXNativeTarget "Taxas" */;
			buildPhases = (
				155087CB1BEE7E6100B3F9E6 /* Sources */,
				155087CC1BEE7E6100B3F9E6 /* Frameworks */,
				155087CD1BEE7E6100B3F9E6 /* Resources */,
			);
			buildRules = (
			);
			dependencies = (
			);
			name = Taxas;
			productName = Taxas;
			productReference = 155087CF1BEE7E6100B3F9E6 /* Taxas.app */;
			productType = "com.apple.product-type.application";
		};
/* End PBXNativeTarget section */

/* Begin PBXProject section */
		155087C71BEE7E6100B3F9E6 /* Project object */ = {
			isa = PBXProject;
			attributes = {
				LastSwiftUpdateCheck = 0710;
				LastUpgradeCheck = 0710;
				ORGANIZATIONNAME = "Bruno Hassunuma";
				TargetAttributes = {
					155087CE1BEE7E6100B3F9E6 = {
						CreatedOnToolsVersion = 7.1;
					};
				};
			};
			buildConfigurationList = 155087CA1BEE7E6100B3F9E6 /* Build configuration list for PBXProject "Taxas" */;
			compatibilityVersion = "Xcode 3.2";
			developmentRegion = English;
			hasScannedForEncodings = 0;
			knownRegions = (
				en,
				Base,
			);
			mainGroup = 155087C61BEE7E6100B3F9E6;
			productRefGroup = 155087D01BEE7E6100B3F9E6 /* Products */;
			projectDirPath = "";
			projectRoot = "";
			targets = (
				155087CE1BEE7E6100B3F9E6 /* Taxas */,
			);
		};
/* End PBXProject section */

/* Begin PBXResourcesBuildPhase section */
		155087CD1BEE7E6100B3F9E6 /* Resources */ = {
			isa = PBXResourcesBuildPhase;
			buildActionMask = 2147483647;
			files = (
				155087E01BEE7E6100B3F9E6 /* LaunchScreen.storyboard in Resources */,
				155087DD1BEE7E6100B3F9E6 /* Assets.xcassets in Resources */,
				155087D81BEE7E6100B3F9E6 /* Main.storyboard in Resources */,
			);
			runOnlyForDeploymentPostprocessing = 0;
		};
/* End PBXResourcesBuildPhase section */

/* Begin PBXSourcesBuildPhase section */
		155087CB1BEE7E6100B3F9E6 /* Sources */ = {
			isa = PBXSourcesBuildPhase;
			buildActionMask = 2147483647;
			files = (
				155087FA1BEEDAB700B3F9E6 /* VMaskTextField.m in Sources */,
				155087F01BEE8F8300B3F9E6 /* BancoHelper.swift in Sources */,
				155087D51BEE7E6100B3F9E6 /* ViewController.swift in Sources */,
				155087E81BEE8EBC00B3F9E6 /* CadastroViewController.swift in Sources */,
				155087EE1BEE8F6800B3F9E6 /* Extensoes.swift in Sources */,
				155088001BEEFC8300B3F9E6 /* FHSStream.m in Sources */,
				155087F31BEE95A100B3F9E6 /* AgendamentoTO.swift in Sources */,
				155088011BEEFC8300B3F9E6 /* FHSTwitterEngine.m in Sources */,
				155088041BEEFD5400B3F9E6 /* TwitterHelper.swift in Sources */,
				155087F61BEE98DF00B3F9E6 /* AgendamentoManager.swift in Sources */,
				155087D31BEE7E6100B3F9E6 /* AppDelegate.swift in Sources */,
				155087EB1BEE8EED00B3F9E6 /* DetalhesViewController.swift in Sources */,
				155087DB1BEE7E6100B3F9E6 /* Taxas.xcdatamodeld in Sources */,
			);
			runOnlyForDeploymentPostprocessing = 0;
		};
/* End PBXSourcesBuildPhase section */

/* Begin PBXVariantGroup section */
		155087D61BEE7E6100B3F9E6 /* Main.storyboard */ = {
			isa = PBXVariantGroup;
			children = (
				155087D71BEE7E6100B3F9E6 /* Base */,
			);
			name = Main.storyboard;
			sourceTree = "<group>";
		};
		155087DE1BEE7E6100B3F9E6 /* LaunchScreen.storyboard */ = {
			isa = PBXVariantGroup;
			children = (
				155087DF1BEE7E6100B3F9E6 /* Base */,
			);
			name = LaunchScreen.storyboard;
			sourceTree = "<group>";
		};
/* End PBXVariantGroup section */

/* Begin XCBuildConfiguration section */
		155087E21BEE7E6100B3F9E6 /* Debug */ = {
			isa = XCBuildConfiguration;
			buildSettings = {
				ALWAYS_SEARCH_USER_PATHS = NO;
				CLANG_CXX_LANGUAGE_STANDARD = "gnu++0x";
				CLANG_CXX_LIBRARY = "libc++";
				CLANG_ENABLE_MODULES = YES;
				CLANG_ENABLE_OBJC_ARC = YES;
				CLANG_WARN_BOOL_CONVERSION = YES;
				CLANG_WARN_CONSTANT_CONVERSION = YES;
				CLANG_WARN_DIRECT_OBJC_ISA_USAGE = YES_ERROR;
				CLANG_WARN_EMPTY_BODY = YES;
				CLANG_WARN_ENUM_CONVERSION = YES;
				CLANG_WARN_INT_CONVERSION = YES;
				CLANG_WARN_OBJC_ROOT_CLASS = YES_ERROR;
				CLANG_WARN_UNREACHABLE_CODE = YES;
				CLANG_WARN__DUPLICATE_METHOD_MATCH = YES;
				"CODE_SIGN_IDENTITY[sdk=iphoneos*]" = "iPhone Developer";
				COPY_PHASE_STRIP = NO;
				DEBUG_INFORMATION_FORMAT = dwarf;
				ENABLE_STRICT_OBJC_MSGSEND = YES;
				ENABLE_TESTABILITY = YES;
				GCC_C_LANGUAGE_STANDARD = gnu99;
				GCC_DYNAMIC_NO_PIC = NO;
				GCC_NO_COMMON_BLOCKS = YES;
				GCC_OPTIMIZATION_LEVEL = 0;
				GCC_PREPROCESSOR_DEFINITIONS = (
					"DEBUG=1",
					"$(inherited)",
				);
				GCC_WARN_64_TO_32_BIT_CONVERSION = YES;
				GCC_WARN_ABOUT_RETURN_TYPE = YES_ERROR;
				GCC_WARN_UNDECLARED_SELECTOR = YES;
				GCC_WARN_UNINITIALIZED_AUTOS = YES_AGGRESSIVE;
				GCC_WARN_UNUSED_FUNCTION = YES;
				GCC_WARN_UNUSED_VARIABLE = YES;
				IPHONEOS_DEPLOYMENT_TARGET = 9.1;
				MTL_ENABLE_DEBUG_INFO = YES;
				ONLY_ACTIVE_ARCH = YES;
				SDKROOT = iphoneos;
				SWIFT_OPTIMIZATION_LEVEL = "-Onone";
			};
			name = Debug;
		};
		155087E31BEE7E6100B3F9E6 /* Release */ = {
			isa = XCBuildConfiguration;
			buildSettings = {
				ALWAYS_SEARCH_USER_PATHS = NO;
				CLANG_CXX_LANGUAGE_STANDARD = "gnu++0x";
				CLANG_CXX_LIBRARY = "libc++";
				CLANG_ENABLE_MODULES = YES;
				CLANG_ENABLE_OBJC_ARC = YES;
				CLANG_WARN_BOOL_CONVERSION = YES;
				CLANG_WARN_CONSTANT_CONVERSION = YES;
				CLANG_WARN_DIRECT_OBJC_ISA_USAGE = YES_ERROR;
				CLANG_WARN_EMPTY_BODY = YES;
				CLANG_WARN_ENUM_CONVERSION = YES;
				CLANG_WARN_INT_CONVERSION = YES;
				CLANG_WARN_OBJC_ROOT_CLASS = YES_ERROR;
				CLANG_WARN_UNREACHABLE_CODE = YES;
				CLANG_WARN__DUPLICATE_METHOD_MATCH = YES;
				"CODE_SIGN_IDENTITY[sdk=iphoneos*]" = "iPhone Developer";
				COPY_PHASE_STRIP = NO;
				DEBUG_INFORMATION_FORMAT = "dwarf-with-dsym";
				ENABLE_NS_ASSERTIONS = NO;
				ENABLE_STRICT_OBJC_MSGSEND = YES;
				GCC_C_LANGUAGE_STANDARD = gnu99;
				GCC_NO_COMMON_BLOCKS = YES;
				GCC_WARN_64_TO_32_BIT_CONVERSION = YES;
				GCC_WARN_ABOUT_RETURN_TYPE = YES_ERROR;
				GCC_WARN_UNDECLARED_SELECTOR = YES;
				GCC_WARN_UNINITIALIZED_AUTOS = YES_AGGRESSIVE;
				GCC_WARN_UNUSED_FUNCTION = YES;
				GCC_WARN_UNUSED_VARIABLE = YES;
				IPHONEOS_DEPLOYMENT_TARGET = 9.1;
				MTL_ENABLE_DEBUG_INFO = NO;
				SDKROOT = iphoneos;
				VALIDATE_PRODUCT = YES;
			};
			name = Release;
		};
		155087E51BEE7E6100B3F9E6 /* Debug */ = {
			isa = XCBuildConfiguration;
			buildSettings = {
				ASSETCATALOG_COMPILER_APPICON_NAME = AppIcon;
				CLANG_ENABLE_MODULES = YES;
				INFOPLIST_FILE = Taxas/Info.plist;
				IPHONEOS_DEPLOYMENT_TARGET = 7.0;
				LD_RUNPATH_SEARCH_PATHS = "$(inherited) @executable_path/Frameworks";
				PRODUCT_BUNDLE_IDENTIFIER = br.com.brunoeiti.Taxas;
				PRODUCT_NAME = "$(TARGET_NAME)";
				SWIFT_OBJC_BRIDGING_HEADER = "Taxas/Taxas-Bridging-Header.h";
				SWIFT_OPTIMIZATION_LEVEL = "-Onone";
			};
			name = Debug;
		};
		155087E61BEE7E6100B3F9E6 /* Release */ = {
			isa = XCBuildConfiguration;
			buildSettings = {
				ASSETCATALOG_COMPILER_APPICON_NAME = AppIcon;
				CLANG_ENABLE_MODULES = YES;
				INFOPLIST_FILE = Taxas/Info.plist;
				IPHONEOS_DEPLOYMENT_TARGET = 7.0;
				LD_RUNPATH_SEARCH_PATHS = "$(inherited) @executable_path/Frameworks";
				PRODUCT_BUNDLE_IDENTIFIER = br.com.brunoeiti.Taxas;
				PRODUCT_NAME = "$(TARGET_NAME)";
				SWIFT_OBJC_BRIDGING_HEADER = "Taxas/Taxas-Bridging-Header.h";
			};
			name = Release;
		};
/* End XCBuildConfiguration section */

/* Begin XCConfigurationList section */
		155087CA1BEE7E6100B3F9E6 /* Build configuration list for PBXProject "Taxas" */ = {
			isa = XCConfigurationList;
			buildConfigurations = (
				155087E21BEE7E6100B3F9E6 /* Debug */,
				155087E31BEE7E6100B3F9E6 /* Release */,
			);
			defaultConfigurationIsVisible = 0;
			defaultConfigurationName = Release;
		};
		155087E41BEE7E6100B3F9E6 /* Build configuration list for PBXNativeTarget "Taxas" */ = {
			isa = XCConfigurationList;
			buildConfigurations = (
				155087E51BEE7E6100B3F9E6 /* Debug */,
				155087E61BEE7E6100B3F9E6 /* Release */,
			);
			defaultConfigurationIsVisible = 0;
			defaultConfigurationName = Release;
		};
/* End XCConfigurationList section */

/* Begin XCVersionGroup section */
		155087D91BEE7E6100B3F9E6 /* Taxas.xcdatamodeld */ = {
			isa = XCVersionGroup;
			children = (
				155087DA1BEE7E6100B3F9E6 /* Taxas.xcdatamodel */,
			);
			currentVersion = 155087DA1BEE7E6100B3F9E6 /* Taxas.xcdatamodel */;
			path = Taxas.xcdatamodeld;
			sourceTree = "<group>";
			versionGroupType = wrapper.xcdatamodel;
		};
/* End XCVersionGroup section */
	};
	rootObject = 155087C71BEE7E6100B3F9E6 /* Project object */;
}
